// !$*UTF8*$!
{
	archiveVersion = 1;
	classes = {
	};
	objectVersion = 46;
	objects = {

/* Begin PBXBuildFile section */
		4D37CA5B1C0400850010CA92 /* 1.png in Resources */ = {isa = PBXBuildFile; fileRef = 4D37CA5A1C0400850010CA92 /* 1.png */; };
		4D5072E31BFEF6AC003A4B71 /* main.m in Sources */ = {isa = PBXBuildFile; fileRef = 4D5072E21BFEF6AC003A4B71 /* main.m */; };
		4D5072E61BFEF6AC003A4B71 /* AppDelegate.m in Sources */ = {isa = PBXBuildFile; fileRef = 4D5072E51BFEF6AC003A4B71 /* AppDelegate.m */; };
		4D5072E91BFEF6AC003A4B71 /* ViewController.m in Sources */ = {isa = PBXBuildFile; fileRef = 4D5072E81BFEF6AC003A4B71 /* ViewController.m */; };
		4D5072EC1BFEF6AC003A4B71 /* Main.storyboard in Resources */ = {isa = PBXBuildFile; fileRef = 4D5072EA1BFEF6AC003A4B71 /* Main.storyboard */; };
		4D5072EE1BFEF6AC003A4B71 /* Assets.xcassets in Resources */ = {isa = PBXBuildFile; fileRef = 4D5072ED1BFEF6AC003A4B71 /* Assets.xcassets */; };
		4D5072F11BFEF6AC003A4B71 /* LaunchScreen.storyboard in Resources */ = {isa = PBXBuildFile; fileRef = 4D5072EF1BFEF6AC003A4B71 /* LaunchScreen.storyboard */; };
		4D5072FA1BFEF848003A4B71 /* SHBAlertController.m in Sources */ = {isa = PBXBuildFile; fileRef = 4D5072F91BFEF848003A4B71 /* SHBAlertController.m */; };
		4D5072FC1BFF03B5003A4B71 /* 9.jpg in Resources */ = {isa = PBXBuildFile; fileRef = 4D5072FB1BFF03B5003A4B71 /* 9.jpg */; };
		B2F7A211393B8D6DF31D2721 /* libPods.a in Frameworks */ = {isa = PBXBuildFile; fileRef = 9063AB291DBF293DB8887FFF /* libPods.a */; };
/* End PBXBuildFile section */

/* Begin PBXFileReference section */
		1E86CBFDF01FA370B7FE3434 /* Pods.debug.xcconfig */ = {isa = PBXFileReference; includeInIndex = 1; lastKnownFileType = text.xcconfig; name = Pods.debug.xcconfig; path = "Pods/Target Support Files/Pods/Pods.debug.xcconfig"; sourceTree = "<group>"; };
		1FD20AFDE14114E58E52670F /* Pods.release.xcconfig */ = {isa = PBXFileReference; includeInIndex = 1; lastKnownFileType = text.xcconfig; name = Pods.release.xcconfig; path = "Pods/Target Support Files/Pods/Pods.release.xcconfig"; sourceTree = "<group>"; };
		4D37CA5A1C0400850010CA92 /* 1.png */ = {isa = PBXFileReference; lastKnownFileType = image.png; path = 1.png; sourceTree = "<group>"; };
		4D5072DE1BFEF6AC003A4B71 /* UIAlertController_Demo.app */ = {isa = PBXFileReference; explicitFileType = wrapper.application; includeInIndex = 0; path = UIAlertController_Demo.app; sourceTree = BUILT_PRODUCTS_DIR; };
		4D5072E21BFEF6AC003A4B71 /* main.m */ = {isa = PBXFileReference; lastKnownFileType = sourcecode.c.objc; path = main.m; sourceTree = "<group>"; };
		4D5072E41BFEF6AC003A4B71 /* AppDelegate.h */ = {isa = PBXFileReference; lastKnownFileType = sourcecode.c.h; path = AppDelegate.h; sourceTree = "<group>"; };
		4D5072E51BFEF6AC003A4B71 /* AppDelegate.m */ = {isa = PBXFileReference; lastKnownFileType = sourcecode.c.objc; path = AppDelegate.m; sourceTree = "<group>"; };
		4D5072E71BFEF6AC003A4B71 /* ViewController.h */ = {isa = PBXFileReference; lastKnownFileType = sourcecode.c.h; path = ViewController.h; sourceTree = "<group>"; };
		4D5072E81BFEF6AC003A4B71 /* ViewController.m */ = {isa = PBXFileReference; lastKnownFileType = sourcecode.c.objc; path = ViewController.m; sourceTree = "<group>"; };
		4D5072EB1BFEF6AC003A4B71 /* Base */ = {isa = PBXFileReference; lastKnownFileType = file.storyboard; name = Base; path = Base.lproj/Main.storyboard; sourceTree = "<group>"; };
		4D5072ED1BFEF6AC003A4B71 /* Assets.xcassets */ = {isa = PBXFileReference; lastKnownFileType = folder.assetcatalog; path = Assets.xcassets; sourceTree = "<group>"; };
		4D5072F01BFEF6AC003A4B71 /* Base */ = {isa = PBXFileReference; lastKnownFileType = file.storyboard; name = Base; path = Base.lproj/LaunchScreen.storyboard; sourceTree = "<group>"; };
		4D5072F21BFEF6AC003A4B71 /* Info.plist */ = {isa = PBXFileReference; lastKnownFileType = text.plist.xml; path = Info.plist; sourceTree = "<group>"; };
		4D5072F81BFEF848003A4B71 /* SHBAlertController.h */ = {isa = PBXFileReference; fileEncoding = 4; lastKnownFileType = sourcecode.c.h; path = SHBAlertController.h; sourceTree = "<group>"; };
		4D5072F91BFEF848003A4B71 /* SHBAlertController.m */ = {isa = PBXFileReference; fileEncoding = 4; lastKnownFileType = sourcecode.c.objc; path = SHBAlertController.m; sourceTree = "<group>"; };
		4D5072FB1BFF03B5003A4B71 /* 9.jpg */ = {isa = PBXFileReference; lastKnownFileType = image.jpeg; path = 9.jpg; sourceTree = "<group>"; };
		9063AB291DBF293DB8887FFF /* libPods.a */ = {isa = PBXFileReference; explicitFileType = archive.ar; includeInIndex = 0; path = libPods.a; sourceTree = BUILT_PRODUCTS_DIR; };
/* End PBXFileReference section */

/* Begin PBXFrameworksBuildPhase section */
		4D5072DB1BFEF6AC003A4B71 /* Frameworks */ = {
			isa = PBXFrameworksBuildPhase;
			buildActionMask = 2147483647;
			files = (
				B2F7A211393B8D6DF31D2721 /* libPods.a in Frameworks */,
			);
			runOnlyForDeploymentPostprocessing = 0;
		};
/* End PBXFrameworksBuildPhase section */

/* Begin PBXGroup section */
		4D5072D51BFEF6AC003A4B71 = {
			isa = PBXGroup;
			children = (
				4D5072E01BFEF6AC003A4B71 /* UIAlertController_Demo */,
				4D5072DF1BFEF6AC003A4B71 /* Products */,
				BD1F3DA0753C099C6BCECCE5 /* Pods */,
				6D0DD1EAFBE7DD2C2690D3ED /* Frameworks */,
			);
			sourceTree = "<group>";
		};
		4D5072DF1BFEF6AC003A4B71 /* Products */ = {
			isa = PBXGroup;
			children = (
				4D5072DE1BFEF6AC003A4B71 /* UIAlertController_Demo.app */,
			);
			name = Products;
			sourceTree = "<group>";
		};
		4D5072E01BFEF6AC003A4B71 /* UIAlertController_Demo */ = {
			isa = PBXGroup;
			children = (
				4D5072FB1BFF03B5003A4B71 /* 9.jpg */,
				4D37CA5A1C0400850010CA92 /* 1.png */,
				4D5072E41BFEF6AC003A4B71 /* AppDelegate.h */,
				4D5072E51BFEF6AC003A4B71 /* AppDelegate.m */,
				4D5072E71BFEF6AC003A4B71 /* ViewController.h */,
				4D5072E81BFEF6AC003A4B71 /* ViewController.m */,
				4D5072F81BFEF848003A4B71 /* SHBAlertController.h */,
				4D5072F91BFEF848003A4B71 /* SHBAlertController.m */,
				4D5072EA1BFEF6AC003A4B71 /* Main.storyboard */,
				4D5072ED1BFEF6AC003A4B71 /* Assets.xcassets */,
				4D5072EF1BFEF6AC003A4B71 /* LaunchScreen.storyboard */,
				4D5072F21BFEF6AC003A4B71 /* Info.plist */,
				4D5072E11BFEF6AC003A4B71 /* Supporting Files */,
			);
			path = UIAlertController_Demo;
			sourceTree = "<group>";
		};
		4D5072E11BFEF6AC003A4B71 /* Supporting Files */ = {
			isa = PBXGroup;
			children = (
				4D5072E21BFEF6AC003A4B71 /* main.m */,
			);
			name = "Supporting Files";
			sourceTree = "<group>";
		};
		6D0DD1EAFBE7DD2C2690D3ED /* Frameworks */ = {
			isa = PBXGroup;
			children = (
				9063AB291DBF293DB8887FFF /* libPods.a */,
			);
			name = Frameworks;
			sourceTree = "<group>";
		};
		BD1F3DA0753C099C6BCECCE5 /* Pods */ = {
			isa = PBXGroup;
			children = (
				1E86CBFDF01FA370B7FE3434 /* Pods.debug.xcconfig */,
				1FD20AFDE14114E58E52670F /* Pods.release.xcconfig */,
			);
			name = Pods;
			sourceTree = "<group>";
		};
/* End PBXGroup section */

/* Begin PBXNativeTarget section */
		4D5072DD1BFEF6AC003A4B71 /* UIAlertController_Demo */ = {
			isa = PBXNativeTarget;
			buildConfigurationList = 4D5072F51BFEF6AC003A4B71 /* Build configuration list for PBXNativeTarget "UIAlertController_Demo" */;
			buildPhases = (
				606F9292D24226F70628879A /* Check Pods Manifest.lock */,
				4D5072DA1BFEF6AC003A4B71 /* Sources */,
				4D5072DB1BFEF6AC003A4B71 /* Frameworks */,
				4D5072DC1BFEF6AC003A4B71 /* Resources */,
				7B7EF5BC35942FE13AC9AE41 /* Embed Pods Frameworks */,
				7C6EA7DA176A5EC61007A14B /* Copy Pods Resources */,
			);
			buildRules = (
			);
			dependencies = (
			);
			name = UIAlertController_Demo;
			productName = UIAlertController_Demo;
			productReference = 4D5072DE1BFEF6AC003A4B71 /* UIAlertController_Demo.app */;
			productType = "com.apple.product-type.application";
		};
/* End PBXNativeTarget section */

/* Begin PBXProject section */
		4D5072D61BFEF6AC003A4B71 /* Project object */ = {
			isa = PBXProject;
			attributes = {
				LastUpgradeCheck = 0710;
				ORGANIZATIONNAME = "沈红榜";
				TargetAttributes = {
					4D5072DD1BFEF6AC003A4B71 = {
						CreatedOnToolsVersion = 7.1.1;
					};
				};
			};
			buildConfigurationList = 4D5072D91BFEF6AC003A4B71 /* Build configuration list for PBXProject "UIAlertController_Demo" */;
			compatibilityVersion = "Xcode 3.2";
			developmentRegion = English;
			hasScannedForEncodings = 0;
			knownRegions = (
				en,
				Base,
			);
			mainGroup = 4D5072D51BFEF6AC003A4B71;
			productRefGroup = 4D5072DF1BFEF6AC003A4B71 /* Products */;
			projectDirPath = "";
			projectRoot = "";
			targets = (
				4D5072DD1BFEF6AC003A4B71 /* UIAlertController_Demo */,
			);
		};
/* End PBXProject section */

/* Begin PBXResourcesBuildPhase section */
		4D5072DC1BFEF6AC003A4B71 /* Resources */ = {
			isa = PBXResourcesBuildPhase;
			buildActionMask = 2147483647;
			files = (
				4D5072F11BFEF6AC003A4B71 /* LaunchScreen.storyboard in Resources */,
				4D5072FC1BFF03B5003A4B71 /* 9.jpg in Resources */,
				4D5072EE1BFEF6AC003A4B71 /* Assets.xcassets in Resources */,
				4D5072EC1BFEF6AC003A4B71 /* Main.storyboard in Resources */,
				4D37CA5B1C0400850010CA92 /* 1.png in Resources */,
			);
			runOnlyForDeploymentPostprocessing = 0;
		};
/* End PBXResourcesBuildPhase section */

/* Begin PBXShellScriptBuildPhase section */
		606F9292D24226F70628879A /* Check Pods Manifest.lock */ = {
			isa = PBXShellScriptBuildPhase;
			buildActionMask = 2147483647;
			files = (
			);
			inputPaths = (
			);
			name = "Check Pods Manifest.lock";
			outputPaths = (
			);
			runOnlyForDeploymentPostprocessing = 0;
			shellPath = /bin/sh;
			shellScript = "diff \"${PODS_ROOT}/../Podfile.lock\" \"${PODS_ROOT}/Manifest.lock\" > /dev/null\nif [[ $? != 0 ]] ; then\n    cat << EOM\nerror: The sandbox is not in sync with the Podfile.lock. Run 'pod install' or update your CocoaPods installation.\nEOM\n    exit 1\nfi\n";
			showEnvVarsInLog = 0;
		};
		7B7EF5BC35942FE13AC9AE41 /* Embed Pods Frameworks */ = {
			isa = PBXShellScriptBuildPhase;
			buildActionMask = 2147483647;
			files = (
			);
			inputPaths = (
			);
			name = "Embed Pods Frameworks";
			outputPaths = (
			);
			runOnlyForDeploymentPostprocessing = 0;
			shellPath = /bin/sh;
			shellScript = "\"${SRCROOT}/Pods/Target Support Files/Pods/Pods-frameworks.sh\"\n";
			showEnvVarsInLog = 0;
		};
		7C6EA7DA176A5EC61007A14B /* Copy Pods Resources */ = {
			isa = PBXShellScriptBuildPhase;
			buildActionMask = 2147483647;
			files = (
			);
			inputPaths = (
			);
			name = "Copy Pods Resources";
			outputPaths = (
			);
			runOnlyForDeploymentPostprocessing = 0;
			shellPath = /bin/sh;
			shellScript = "\"${SRCROOT}/Pods/Target Support Files/Pods/Pods-resources.sh\"\n";
			showEnvVarsInLog = 0;
		};
/* End PBXShellScriptBuildPhase section */

/* Begin PBXSourcesBuildPhase section */
		4D5072DA1BFEF6AC003A4B71 /* Sources */ = {
			isa = PBXSourcesBuildPhase;
			buildActionMask = 2147483647;
			files = (
				4D5072FA1BFEF848003A4B71 /* SHBAlertController.m in Sources */,
				4D5072E91BFEF6AC003A4B71 /* ViewController.m in Sources */,
				4D5072E61BFEF6AC003A4B71 /* AppDelegate.m in Sources */,
				4D5072E31BFEF6AC003A4B71 /* main.m in Sources */,
			);
			runOnlyForDeploymentPostprocessing = 0;
		};
/* End PBXSourcesBuildPhase section */

/* Begin PBXVariantGroup section */
		4D5072EA1BFEF6AC003A4B71 /* Main.storyboard */ = {
			isa = PBXVariantGroup;
			children = (
				4D5072EB1BFEF6AC003A4B71 /* Base */,
			);
			name = Main.storyboard;
			sourceTree = "<group>";
		};
		4D5072EF1BFEF6AC003A4B71 /* LaunchScreen.storyboard */ = {
			isa = PBXVariantGroup;
			children = (
				4D5072F01BFEF6AC003A4B71 /* Base */,
			);
			name = LaunchScreen.storyboard;
			sourceTree = "<group>";
		};
/* End PBXVariantGroup section */

/* Begin XCBuildConfiguration section */
		4D5072F31BFEF6AC003A4B71 /* Debug */ = {
			isa = XCBuildConfiguration;
			buildSettings = {
				ALWAYS_SEARCH_USER_PATHS = NO;
				CLANG_CXX_LANGUAGE_STANDARD = "gnu++0x";
				CLANG_CXX_LIBRARY = "libc++";
				CLANG_ENABLE_MODULES = YES;
				CLANG_ENABLE_OBJC_ARC = YES;
				CLANG_WARN_BOOL_CONVERSION = YES;
				CLANG_WARN_CONSTANT_CONVERSION = YES;
				CLANG_WARN_DIRECT_OBJC_ISA_USAGE = YES_ERROR;
				CLANG_WARN_EMPTY_BODY = YES;
				CLANG_WARN_ENUM_CONVERSION = YES;
				CLANG_WARN_INT_CONVERSION = YES;
				CLANG_WARN_OBJC_ROOT_CLASS = YES_ERROR;
				CLANG_WARN_UNREACHABLE_CODE = YES;
				CLANG_WARN__DUPLICATE_METHOD_MATCH = YES;
				"CODE_SIGN_IDENTITY[sdk=iphoneos*]" = "iPhone Developer";
				COPY_PHASE_STRIP = NO;
				DEBUG_INFORMATION_FORMAT = dwarf;
				ENABLE_STRICT_OBJC_MSGSEND = YES;
				ENABLE_TESTABILITY = YES;
				GCC_C_LANGUAGE_STANDARD = gnu99;
				GCC_DYNAMIC_NO_PIC = NO;
				GCC_NO_COMMON_BLOCKS = YES;
				GCC_OPTIMIZATION_LEVEL = 0;
				GCC_PREPROCESSOR_DEFINITIONS = (
					"DEBUG=1",
					"$(inherited)",
				);
				GCC_WARN_64_TO_32_BIT_CONVERSION = YES;
				GCC_WARN_ABOUT_RETURN_TYPE = YES_ERROR;
				GCC_WARN_UNDECLARED_SELECTOR = YES;
				GCC_WARN_UNINITIALIZED_AUTOS = YES_AGGRESSIVE;
				GCC_WARN_UNUSED_FUNCTION = YES;
				GCC_WARN_UNUSED_VARIABLE = YES;
				IPHONEOS_DEPLOYMENT_TARGET = 9.1;
				MTL_ENABLE_DEBUG_INFO = YES;
				ONLY_ACTIVE_ARCH = YES;
				SDKROOT = iphoneos;
			};
			name = Debug;
		};
		4D5072F41BFEF6AC003A4B71 /* Release */ = {
			isa = XCBuildConfiguration;
			buildSettings = {
				ALWAYS_SEARCH_USER_PATHS = NO;
				CLANG_CXX_LANGUAGE_STANDARD = "gnu++0x";
				CLANG_CXX_LIBRARY = "libc++";
				CLANG_ENABLE_MODULES = YES;
				CLANG_ENABLE_OBJC_ARC = YES;
				CLANG_WARN_BOOL_CONVERSION = YES;
				CLANG_WARN_CONSTANT_CONVERSION = YES;
				CLANG_WARN_DIRECT_OBJC_ISA_USAGE = YES_ERROR;
				CLANG_WARN_EMPTY_BODY = YES;
				CLANG_WARN_ENUM_CONVERSION = YES;
				CLANG_WARN_INT_CONVERSION = YES;
				CLANG_WARN_OBJC_ROOT_CLASS = YES_ERROR;
				CLANG_WARN_UNREACHABLE_CODE = YES;
				CLANG_WARN__DUPLICATE_METHOD_MATCH = YES;
				"CODE_SIGN_IDENTITY[sdk=iphoneos*]" = "iPhone Developer";
				COPY_PHASE_STRIP = NO;
				DEBUG_INFORMATION_FORMAT = "dwarf-with-dsym";
				ENABLE_NS_ASSERTIONS = NO;
				ENABLE_STRICT_OBJC_MSGSEND = YES;
				GCC_C_LANGUAGE_STANDARD = gnu99;
				GCC_NO_COMMON_BLOCKS = YES;
				GCC_WARN_64_TO_32_BIT_CONVERSION = YES;
				GCC_WARN_ABOUT_RETURN_TYPE = YES_ERROR;
				GCC_WARN_UNDECLARED_SELECTOR = YES;
				GCC_WARN_UNINITIALIZED_AUTOS = YES_AGGRESSIVE;
				GCC_WARN_UNUSED_FUNCTION = YES;
				GCC_WARN_UNUSED_VARIABLE = YES;
				IPHONEOS_DEPLOYMENT_TARGET = 9.1;
				MTL_ENABLE_DEBUG_INFO = NO;
				SDKROOT = iphoneos;
				VALIDATE_PRODUCT = YES;
			};
			name = Release;
		};
		4D5072F61BFEF6AC003A4B71 /* Debug */ = {
			isa = XCBuildConfiguration;
			baseConfigurationReference = 1E86CBFDF01FA370B7FE3434 /* Pods.debug.xcconfig */;
			buildSettings = {
				ASSETCATALOG_COMPILER_APPICON_NAME = AppIcon;
				INFOPLIST_FILE = UIAlertController_Demo/Info.plist;
				IPHONEOS_DEPLOYMENT_TARGET = 8.1;
				LD_RUNPATH_SEARCH_PATHS = "$(inherited) @executable_path/Frameworks";
				PRODUCT_BUNDLE_IDENTIFIER = "com.cribn.www.UIAlertController-Demo";
				PRODUCT_NAME = "$(TARGET_NAME)";
			};
			name = Debug;
		};
		4D5072F71BFEF6AC003A4B71 /* Release */ = {
			isa = XCBuildConfiguration;
			baseConfigurationReference = 1FD20AFDE14114E58E52670F /* Pods.release.xcconfig */;
			buildSettings = {
				ASSETCATALOG_COMPILER_APPICON_NAME = AppIcon;
				INFOPLIST_FILE = UIAlertController_Demo/Info.plist;
				IPHONEOS_DEPLOYMENT_TARGET = 8.1;
				LD_RUNPATH_SEARCH_PATHS = "$(inherited) @executable_path/Frameworks";
				PRODUCT_BUNDLE_IDENTIFIER = "com.cribn.www.UIAlertController-Demo";
				PRODUCT_NAME = "$(TARGET_NAME)";
			};
			name = Release;
		};
/* End XCBuildConfiguration section */

/* Begin XCConfigurationList section */
		4D5072D91BFEF6AC003A4B71 /* Build configuration list for PBXProject "UIAlertController_Demo" */ = {
			isa = XCConfigurationList;
			buildConfigurations = (
				4D5072F31BFEF6AC003A4B71 /* Debug */,
				4D5072F41BFEF6AC003A4B71 /* Release */,
			);
			defaultConfigurationIsVisible = 0;
			defaultConfigurationName = Release;
		};
		4D5072F51BFEF6AC003A4B71 /* Build configuration list for PBXNativeTarget "UIAlertController_Demo" */ = {
			isa = XCConfigurationList;
			buildConfigurations = (
				4D5072F61BFEF6AC003A4B71 /* Debug */,
				4D5072F71BFEF6AC003A4B71 /* Release */,
			);
			defaultConfigurationIsVisible = 0;
			defaultConfigurationName = Release;
		};
/* End XCConfigurationList section */
	};
	rootObject = 4D5072D61BFEF6AC003A4B71 /* Project object */;
}
